
Microsoft Visual Studio Solution File, Format Version 12.00
# Visual Studio Version 17
VisualStudioVersion = 17.13.35931.197 d17.13
MinimumVisualStudioVersion = 10.0.40219.1
Project("{FAE04EC0-301F-11D3-BF4B-00C04F79EFBC}") = "TP1-web", "TP1-web\TP1-web.csproj", "{AD7AC0DF-C62A-4247-AB06-B28DD2F18287}"
EndProject
Global
	GlobalSection(SolutionConfigurationPlatforms) = preSolution
		Debug|Any CPU = Debug|Any CPU
		Release|Any CPU = Release|Any CPU
	EndGlobalSection
	GlobalSection(ProjectConfigurationPlatforms) = postSolution
		{AD7AC0DF-C62A-4247-AB06-B28DD2F18287}.Debug|Any CPU.ActiveCfg = Debug|Any CPU
		{AD7AC0DF-C62A-4247-AB06-B28DD2F18287}.Debug|Any CPU.Build.0 = Debug|Any CPU
		{AD7AC0DF-C62A-4247-AB06-B28DD2F18287}.Release|Any CPU.ActiveCfg = Release|Any CPU
		{AD7AC0DF-C62A-4247-AB06-B28DD2F18287}.Release|Any CPU.Build.0 = Release|Any CPU
	EndGlobalSection
	GlobalSection(SolutionProperties) = preSolution
		HideSolutionNode = FALSE
	EndGlobalSection
	GlobalSection(ExtensibilityGlobals) = postSolution
		SolutionGuid = {404E8FAE-3CAF-4398-90B5-814A29C51E00}
	EndGlobalSection
EndGlobal
